Microsoft Visual Studio Solution File, Format Version 9.00
# Visual Studio 2005
Project("{8BC9CEB8-8B4A-11D0-8D11-00A0C91BC942}") = "json", "src\json8.vcproj", "{18FBC8EF-A800-43E1-A7D8-641996092EC5}"
EndProject
Project("{8BC9CEB8-8B4A-11D0-8D11-00A0C91BC942}") = "test", "test\test8.vcproj", "{18FBC8EF-A801-43E1-A7D8-641996092EC5}"
	ProjectSection(ProjectDependencies) = postProject
		{18FBC8EF-A800-43E1-A7D8-641996092EC5} = {18FBC8EF-A800-43E1-A7D8-641996092EC5}
	EndProjectSection
EndProject
Project("{2150E333-8FDC-42A3-9474-1A3956D46DE8}") = "Solution Items", "Solution Items", "{19AAE53A-950B-4E2F-BA29-4473E9266A9D}"
	ProjectSection(SolutionItems) = preProject
		Readme.txt = Readme.txt
		ReleaseNotes.txt = ReleaseNotes.txt
	EndProjectSection
EndProject
Global
	GlobalSection(SolutionConfigurationPlatforms) = preSolution
		Debug|Win32 = Debug|Win32
		Release|Win32 = Release|Win32
	EndGlobalSection
	GlobalSection(ProjectConfigurationPlatforms) = postSolution
		{18FBC8EF-A800-43E1-A7D8-641996092EC5}.Debug|Win32.ActiveCfg = Debug|Win32
		{18FBC8EF-A800-43E1-A7D8-641996092EC5}.Debug|Win32.Build.0 = Debug|Win32
		{18FBC8EF-A800-43E1-A7D8-641996092EC5}.Release|Win32.ActiveCfg = Release|Win32
		{18FBC8EF-A800-43E1-A7D8-641996092EC5}.Release|Win32.Build.0 = Release|Win32
		{18FBC8EF-A801-43E1-A7D8-641996092EC5}.Debug|Win32.ActiveCfg = Debug|Win32
		{18FBC8EF-A801-43E1-A7D8-641996092EC5}.Debug|Win32.Build.0 = Debug|Win32
		{18FBC8EF-A801-43E1-A7D8-641996092EC5}.Release|Win32.ActiveCfg = Release|Win32
		{18FBC8EF-A801-43E1-A7D8-641996092EC5}.Release|Win32.Build.0 = Release|Win32
	EndGlobalSection
	GlobalSection(SolutionProperties) = preSolution
		HideSolutionNode = FALSE
	EndGlobalSection
EndGlobal
